
Microsoft Visual Studio Solution File, Format Version 12.00
# Visual Studio Version 17
VisualStudioVersion = 17.7.34202.233
MinimumVisualStudioVersion = 10.0.40219.1
Project("{F184B08F-C81C-45F6-A57F-5ABD9991F28F}") = "WinFormsApp1", "WinFormsApp1\WinFormsApp1.vbproj", "{AE5057BE-6877-4183-BBD3-363EC0618FC5}"
EndProject
Global
	GlobalSection(SolutionConfigurationPlatforms) = preSolution
		Debug|Any CPU = Debug|Any CPU
		Release|Any CPU = Release|Any CPU
	EndGlobalSection
	GlobalSection(ProjectConfigurationPlatforms) = postSolution
		{AE5057BE-6877-4183-BBD3-363EC0618FC5}.Debug|Any CPU.ActiveCfg = Debug|Any CPU
		{AE5057BE-6877-4183-BBD3-363EC0618FC5}.Debug|Any CPU.Build.0 = Debug|Any CPU
		{AE5057BE-6877-4183-BBD3-363EC0618FC5}.Release|Any CPU.ActiveCfg = Release|Any CPU
		{AE5057BE-6877-4183-BBD3-363EC0618FC5}.Release|Any CPU.Build.0 = Release|Any CPU
	EndGlobalSection
	GlobalSection(SolutionProperties) = preSolution
		HideSolutionNode = FALSE
	EndGlobalSection
	GlobalSection(ExtensibilityGlobals) = postSolution
		SolutionGuid = {6AD5686C-004B-42F7-B766-C4B8EA1E5B2A}
	EndGlobalSection
EndGlobal
