
Microsoft Visual Studio Solution File, Format Version 12.00
# Visual Studio Version 17
VisualStudioVersion = 17.7.34202.233
MinimumVisualStudioVersion = 10.0.40219.1
Project("{F184B08F-C81C-45F6-A57F-5ABD9991F28F}") = "Assignment203.1", "Assignment203.1.vbproj", "{3A8BA415-75B5-427A-BF7D-C2E608532075}"
EndProject
Project("{F184B08F-C81C-45F6-A57F-5ABD9991F28F}") = "TestProject5", "..\TestProject5\TestProject5.vbproj", "{EC0A9AF4-AA49-4A2E-861E-4F4DF7B7C3A7}"
EndProject
Global
	GlobalSection(SolutionConfigurationPlatforms) = preSolution
		Debug|Any CPU = Debug|Any CPU
		Release|Any CPU = Release|Any CPU
	EndGlobalSection
	GlobalSection(ProjectConfigurationPlatforms) = postSolution
		{3A8BA415-75B5-427A-BF7D-C2E608532075}.Debug|Any CPU.ActiveCfg = Debug|Any CPU
		{3A8BA415-75B5-427A-BF7D-C2E608532075}.Debug|Any CPU.Build.0 = Debug|Any CPU
		{3A8BA415-75B5-427A-BF7D-C2E608532075}.Release|Any CPU.ActiveCfg = Release|Any CPU
		{3A8BA415-75B5-427A-BF7D-C2E608532075}.Release|Any CPU.Build.0 = Release|Any CPU
		{EC0A9AF4-AA49-4A2E-861E-4F4DF7B7C3A7}.Debug|Any CPU.ActiveCfg = Debug|Any CPU
		{EC0A9AF4-AA49-4A2E-861E-4F4DF7B7C3A7}.Debug|Any CPU.Build.0 = Debug|Any CPU
		{EC0A9AF4-AA49-4A2E-861E-4F4DF7B7C3A7}.Release|Any CPU.ActiveCfg = Release|Any CPU
		{EC0A9AF4-AA49-4A2E-861E-4F4DF7B7C3A7}.Release|Any CPU.Build.0 = Release|Any CPU
	EndGlobalSection
	GlobalSection(SolutionProperties) = preSolution
		HideSolutionNode = FALSE
	EndGlobalSection
	GlobalSection(ExtensibilityGlobals) = postSolution
		SolutionGuid = {85DB0B58-C825-411C-82FA-C8D2D19D72CA}
	EndGlobalSection
EndGlobal
